
Microsoft Visual Studio Solution File, Format Version 12.00
# Visual Studio Version 16
VisualStudioVersion = 16.0.29613.14
MinimumVisualStudioVersion = 10.0.40219.1
Project("{FAE04EC0-301F-11D3-BF4B-00C04F79EFBC}") = "20250130szamolasok", "20250130szamolasok\20250130szamolasok.csproj", "{7599B1B2-DEF5-4C98-AEAD-10123D36FF2A}"
EndProject
Global
	GlobalSection(SolutionConfigurationPlatforms) = preSolution
		Debug|Any CPU = Debug|Any CPU
		Release|Any CPU = Release|Any CPU
	EndGlobalSection
	GlobalSection(ProjectConfigurationPlatforms) = postSolution
		{7599B1B2-DEF5-4C98-AEAD-10123D36FF2A}.Debug|Any CPU.ActiveCfg = Debug|Any CPU
		{7599B1B2-DEF5-4C98-AEAD-10123D36FF2A}.Debug|Any CPU.Build.0 = Debug|Any CPU
		{7599B1B2-DEF5-4C98-AEAD-10123D36FF2A}.Release|Any CPU.ActiveCfg = Release|Any CPU
		{7599B1B2-DEF5-4C98-AEAD-10123D36FF2A}.Release|Any CPU.Build.0 = Release|Any CPU
	EndGlobalSection
	GlobalSection(SolutionProperties) = preSolution
		HideSolutionNode = FALSE
	EndGlobalSection
	GlobalSection(ExtensibilityGlobals) = postSolution
		SolutionGuid = {D72DD12B-3D43-434F-904D-D8A537AF0A74}
	EndGlobalSection
EndGlobal
