
Microsoft Visual Studio Solution File, Format Version 12.00
# Visual Studio Version 17
VisualStudioVersion = 17.0.31903.59
MinimumVisualStudioVersion = 10.0.40219.1
Project("{FAE04EC0-301F-11D3-BF4B-00C04F79EFBC}") = "Tanulmanyiverseny", "Tanulmanyiverseny\Tanulmanyiverseny.csproj", "{DDCCDC0B-5413-4A9D-87F7-ED96BD609ACF}"
EndProject
Global
	GlobalSection(SolutionConfigurationPlatforms) = preSolution
		Debug|Any CPU = Debug|Any CPU
		Release|Any CPU = Release|Any CPU
	EndGlobalSection
	GlobalSection(SolutionProperties) = preSolution
		HideSolutionNode = FALSE
	EndGlobalSection
	GlobalSection(ProjectConfigurationPlatforms) = postSolution
		{DDCCDC0B-5413-4A9D-87F7-ED96BD609ACF}.Debug|Any CPU.ActiveCfg = Debug|Any CPU
		{DDCCDC0B-5413-4A9D-87F7-ED96BD609ACF}.Debug|Any CPU.Build.0 = Debug|Any CPU
		{DDCCDC0B-5413-4A9D-87F7-ED96BD609ACF}.Release|Any CPU.ActiveCfg = Release|Any CPU
		{DDCCDC0B-5413-4A9D-87F7-ED96BD609ACF}.Release|Any CPU.Build.0 = Release|Any CPU
	EndGlobalSection
EndGlobal
