
Microsoft Visual Studio Solution File, Format Version 12.00
# Visual Studio Version 16
VisualStudioVersion = 16.0.29613.14
MinimumVisualStudioVersion = 10.0.40219.1
Project("{FAE04EC0-301F-11D3-BF4B-00C04F79EFBC}") = "20250116", "20250116\20250116.csproj", "{531FE0D9-73C0-41D6-90FA-BE8D2677A8B7}"
EndProject
Global
	GlobalSection(SolutionConfigurationPlatforms) = preSolution
		Debug|Any CPU = Debug|Any CPU
		Release|Any CPU = Release|Any CPU
	EndGlobalSection
	GlobalSection(ProjectConfigurationPlatforms) = postSolution
		{531FE0D9-73C0-41D6-90FA-BE8D2677A8B7}.Debug|Any CPU.ActiveCfg = Debug|Any CPU
		{531FE0D9-73C0-41D6-90FA-BE8D2677A8B7}.Debug|Any CPU.Build.0 = Debug|Any CPU
		{531FE0D9-73C0-41D6-90FA-BE8D2677A8B7}.Release|Any CPU.ActiveCfg = Release|Any CPU
		{531FE0D9-73C0-41D6-90FA-BE8D2677A8B7}.Release|Any CPU.Build.0 = Release|Any CPU
	EndGlobalSection
	GlobalSection(SolutionProperties) = preSolution
		HideSolutionNode = FALSE
	EndGlobalSection
	GlobalSection(ExtensibilityGlobals) = postSolution
		SolutionGuid = {7990A9A8-803A-4890-9553-16F10C02FF78}
	EndGlobalSection
EndGlobal
